
Microsoft Visual Studio Solution File, Format Version 10.00
# Visual C++ Express 2008
Project("{8BC9CEB8-8B4A-11D0-8D11-00A0C91BC942}") = "EchoSuppressorComp", "EchoSuppressor.vcproj", "{9517772F-305E-4DE6-B301-9E0A873ACCEB}"
	ProjectSection(ProjectDependencies) = postProject
		{322F3A61-DAD5-469E-B438-700AFA82D920} = {322F3A61-DAD5-469E-B438-700AFA82D920}
	EndProjectSection
EndProject
Project("{8BC9CEB8-8B4A-11D0-8D11-00A0C91BC942}") = "EchoCancelerComp", "EchoCanceler.vcproj", "{986961CD-5355-43A3-9D89-82981D0E61BA}"
	ProjectSection(ProjectDependencies) = postProject
		{48DEFE03-048A-49C2-95C8-1BF25E1E7CB5} = {48DEFE03-048A-49C2-95C8-1BF25E1E7CB5}
	EndProjectSection
EndProject
Project("{8BC9CEB8-8B4A-11D0-8D11-00A0C91BC942}") = "NoiseReductionComp", "NoiseReduction.vcproj", "{055F36EF-73E8-4649-96CF-803CC75D327D}"
	ProjectSection(ProjectDependencies) = postProject
		{31C0D4B2-084A-4332-B9FF-62C904A7C318} = {31C0D4B2-084A-4332-B9FF-62C904A7C318}
	EndProjectSection
EndProject
Project("{8BC9CEB8-8B4A-11D0-8D11-00A0C91BC942}") = "SamplingRateConverterComp", "SamplingRateConverter.vcproj", "{92D8BFEA-4072-48E0-B66E-35445F3DDDF0}"
	ProjectSection(ProjectDependencies) = postProject
		{651ED7A5-2703-4601-A1F7-D71E9B55B8FE} = {651ED7A5-2703-4601-A1F7-D71E9B55B8FE}
	EndProjectSection
EndProject
Project("{8BC9CEB8-8B4A-11D0-8D11-00A0C91BC942}") = "EchoCanceler", "libEchoCanceler.vcproj", "{48DEFE03-048A-49C2-95C8-1BF25E1E7CB5}"
EndProject
Project("{8BC9CEB8-8B4A-11D0-8D11-00A0C91BC942}") = "EchoSuppressor", "libEchoSuppressor.vcproj", "{322F3A61-DAD5-469E-B438-700AFA82D920}"
EndProject
Project("{8BC9CEB8-8B4A-11D0-8D11-00A0C91BC942}") = "NoiseReduction", "libNoiseReduction.vcproj", "{31C0D4B2-084A-4332-B9FF-62C904A7C318}"
EndProject
Project("{8BC9CEB8-8B4A-11D0-8D11-00A0C91BC942}") = "SamplingRateConverter", "libSamplingRateConverter.vcproj", "{651ED7A5-2703-4601-A1F7-D71E9B55B8FE}"
EndProject
Project("{8BC9CEB8-8B4A-11D0-8D11-00A0C91BC942}") = "CombFilterComp", "CombFilter.vcproj", "{452EC722-E808-4262-A295-48D9A4A91191}"
	ProjectSection(ProjectDependencies) = postProject
		{296D3027-0E38-4DA9-AFCD-B5CFE9265783} = {296D3027-0E38-4DA9-AFCD-B5CFE9265783}
	EndProjectSection
EndProject
Project("{8BC9CEB8-8B4A-11D0-8D11-00A0C91BC942}") = "CombFilter", "libCombFilter.vcproj", "{296D3027-0E38-4DA9-AFCD-B5CFE9265783}"
EndProject
Project("{8BC9CEB8-8B4A-11D0-8D11-00A0C91BC942}") = "Mixer", "libMixer.vcproj", "{7BE6CE3E-598D-4D12-BE7A-B19180A5D171}"
EndProject
Project("{8BC9CEB8-8B4A-11D0-8D11-00A0C91BC942}") = "MixerComp", "Mixer.vcproj", "{5933E36D-F890-4227-82B9-392976F7067C}"
	ProjectSection(ProjectDependencies) = postProject
		{7BE6CE3E-598D-4D12-BE7A-B19180A5D171} = {7BE6CE3E-598D-4D12-BE7A-B19180A5D171}
	EndProjectSection
EndProject
Project("{8BC9CEB8-8B4A-11D0-8D11-00A0C91BC942}") = "SignalGeneration", "libSignalGeneration.vcproj", "{9B37005C-8D9A-4E52-943A-8E6A20955262}"
EndProject
Project("{8BC9CEB8-8B4A-11D0-8D11-00A0C91BC942}") = "SignalGenerationComp", "SignalGeneration.vcproj", "{80FCC88F-C64A-4ADE-B1B5-7E3D6D41D7A5}"
	ProjectSection(ProjectDependencies) = postProject
		{9B37005C-8D9A-4E52-943A-8E6A20955262} = {9B37005C-8D9A-4E52-943A-8E6A20955262}
	EndProjectSection
EndProject
Project("{8BC9CEB8-8B4A-11D0-8D11-00A0C91BC942}") = "DSArrayComp", "DSArray.vcproj", "{27DD62CD-580A-48FA-8CD8-6477EAEBBE86}"
	ProjectSection(ProjectDependencies) = postProject
		{8B3B875F-58C3-4AEC-A3F7-748B2AC85EA7} = {8B3B875F-58C3-4AEC-A3F7-748B2AC85EA7}
	EndProjectSection
EndProject
Project("{8BC9CEB8-8B4A-11D0-8D11-00A0C91BC942}") = "DSArray", "libDSArray.vcproj", "{8B3B875F-58C3-4AEC-A3F7-748B2AC85EA7}"
EndProject
Project("{8BC9CEB8-8B4A-11D0-8D11-00A0C91BC942}") = "ChannelSelector", "libChannelSelector.vcproj", "{51617801-7076-437D-AD04-57A3CEFB92DE}"
EndProject
Project("{8BC9CEB8-8B4A-11D0-8D11-00A0C91BC942}") = "ChannelSelectorComp", "ChannelSelector.vcproj", "{58B1AD85-B3E5-4E9E-B17B-AAE785050F2F}"
	ProjectSection(ProjectDependencies) = postProject
		{51617801-7076-437D-AD04-57A3CEFB92DE} = {51617801-7076-437D-AD04-57A3CEFB92DE}
	EndProjectSection
EndProject
Project("{8BC9CEB8-8B4A-11D0-8D11-00A0C91BC942}") = "BeamForming", "libBeamForming.vcproj", "{7C88E416-0131-4E47-BC01-E4149A72DE34}"
EndProject
Project("{8BC9CEB8-8B4A-11D0-8D11-00A0C91BC942}") = "BeamFormingComp", "BeamForming.vcproj", "{59BA29DD-C806-4A15-A873-7953A8EAEB81}"
	ProjectSection(ProjectDependencies) = postProject
		{7C88E416-0131-4E47-BC01-E4149A72DE34} = {7C88E416-0131-4E47-BC01-E4149A72DE34}
	EndProjectSection
EndProject
Project("{8BC9CEB8-8B4A-11D0-8D11-00A0C91BC942}") = "OpenHRIAudioManager", "OpenHRIAudioManager.vcproj", "{9AA8B25A-6EB3-4D7B-929B-2AF691092E12}"
	ProjectSection(ProjectDependencies) = postProject
		{51617801-7076-437D-AD04-57A3CEFB92DE} = {51617801-7076-437D-AD04-57A3CEFB92DE}
		{48DEFE03-048A-49C2-95C8-1BF25E1E7CB5} = {48DEFE03-048A-49C2-95C8-1BF25E1E7CB5}
		{7C88E416-0131-4E47-BC01-E4149A72DE34} = {7C88E416-0131-4E47-BC01-E4149A72DE34}
		{B8EF3618-51D4-4CC4-B323-03B0162E0B6E} = {B8EF3618-51D4-4CC4-B323-03B0162E0B6E}
		{38FC321A-D66D-436D-AA7A-F2A436FE7329} = {38FC321A-D66D-436D-AA7A-F2A436FE7329}
		{FE6C1126-58C6-40B4-ABD9-A200B06C958C} = {FE6C1126-58C6-40B4-ABD9-A200B06C958C}
		{296D3027-0E38-4DA9-AFCD-B5CFE9265783} = {296D3027-0E38-4DA9-AFCD-B5CFE9265783}
		{7BE6CE3E-598D-4D12-BE7A-B19180A5D171} = {7BE6CE3E-598D-4D12-BE7A-B19180A5D171}
		{A00DE259-C480-439C-B8C3-0FAEC05458E3} = {A00DE259-C480-439C-B8C3-0FAEC05458E3}
		{9B37005C-8D9A-4E52-943A-8E6A20955262} = {9B37005C-8D9A-4E52-943A-8E6A20955262}
		{8B3B875F-58C3-4AEC-A3F7-748B2AC85EA7} = {8B3B875F-58C3-4AEC-A3F7-748B2AC85EA7}
		{322F3A61-DAD5-469E-B438-700AFA82D920} = {322F3A61-DAD5-469E-B438-700AFA82D920}
		{FD5A8871-7941-4906-84E1-4B754B07DD36} = {FD5A8871-7941-4906-84E1-4B754B07DD36}
		{651ED7A5-2703-4601-A1F7-D71E9B55B8FE} = {651ED7A5-2703-4601-A1F7-D71E9B55B8FE}
		{31C0D4B2-084A-4332-B9FF-62C904A7C318} = {31C0D4B2-084A-4332-B9FF-62C904A7C318}
	EndProjectSection
EndProject
Project("{8BC9CEB8-8B4A-11D0-8D11-00A0C91BC942}") = "AutoGainControl", "libAutoGainControl.vcproj", "{38FC321A-D66D-436D-AA7A-F2A436FE7329}"
EndProject
Project("{8BC9CEB8-8B4A-11D0-8D11-00A0C91BC942}") = "AutoGainControlComp", "AutoGainControl.vcproj", "{C6A1EA5C-FFDE-4E6B-A738-CB0C08654A6B}"
	ProjectSection(ProjectDependencies) = postProject
		{38FC321A-D66D-436D-AA7A-F2A436FE7329} = {38FC321A-D66D-436D-AA7A-F2A436FE7329}
	EndProjectSection
EndProject
Project("{8BC9CEB8-8B4A-11D0-8D11-00A0C91BC942}") = "WavRecord", "libWavRecord.vcproj", "{FE6C1126-58C6-40B4-ABD9-A200B06C958C}"
EndProject
Project("{8BC9CEB8-8B4A-11D0-8D11-00A0C91BC942}") = "WavRecordComp", "WavRecord.vcproj", "{C0995A93-D71F-4A0D-A1AA-00AE0D341707}"
	ProjectSection(ProjectDependencies) = postProject
		{FE6C1126-58C6-40B4-ABD9-A200B06C958C} = {FE6C1126-58C6-40B4-ABD9-A200B06C958C}
	EndProjectSection
EndProject
Project("{8BC9CEB8-8B4A-11D0-8D11-00A0C91BC942}") = "PortAudioInputComp", "PortAudioInput.vcproj", "{52CC308C-4002-4AC2-A3A7-90F151CDC2E4}"
EndProject
Project("{8BC9CEB8-8B4A-11D0-8D11-00A0C91BC942}") = "PortAudioOutputComp", "PortAudioOutput.vcproj", "{1F267254-C347-4D1F-BA16-DB88105C065C}"
EndProject
Project("{8BC9CEB8-8B4A-11D0-8D11-00A0C91BC942}") = "PortAudioInput", "libPortAudioInput.vcproj", "{FD5A8871-7941-4906-84E1-4B754B07DD36}"
EndProject
Project("{8BC9CEB8-8B4A-11D0-8D11-00A0C91BC942}") = "PortAudioOutput", "libPortAudioOutput.vcproj", "{B8EF3618-51D4-4CC4-B323-03B0162E0B6E}"
EndProject
Project("{8BC9CEB8-8B4A-11D0-8D11-00A0C91BC942}") = "WavPlayer", "WavPlayer.vcproj", "{A00DE259-C480-439C-B8C3-0FAEC05458E3}"
EndProject
Project("{8BC9CEB8-8B4A-11D0-8D11-00A0C91BC942}") = "WavPlayerComp", "WavPlayerComp.vcproj", "{10CD6D3E-6356-4AC7-9040-753119F68EB8}"
EndProject
Global
	GlobalSection(SolutionConfigurationPlatforms) = preSolution
		Debug|Win32 = Debug|Win32
		Release|Win32 = Release|Win32
	EndGlobalSection
	GlobalSection(ProjectConfigurationPlatforms) = postSolution
		{9517772F-305E-4DE6-B301-9E0A873ACCEB}.Debug|Win32.ActiveCfg = Debug|Win32
		{9517772F-305E-4DE6-B301-9E0A873ACCEB}.Debug|Win32.Build.0 = Debug|Win32
		{9517772F-305E-4DE6-B301-9E0A873ACCEB}.Release|Win32.ActiveCfg = Release|Win32
		{9517772F-305E-4DE6-B301-9E0A873ACCEB}.Release|Win32.Build.0 = Release|Win32
		{986961CD-5355-43A3-9D89-82981D0E61BA}.Debug|Win32.ActiveCfg = Debug|Win32
		{986961CD-5355-43A3-9D89-82981D0E61BA}.Debug|Win32.Build.0 = Debug|Win32
		{986961CD-5355-43A3-9D89-82981D0E61BA}.Release|Win32.ActiveCfg = Release|Win32
		{986961CD-5355-43A3-9D89-82981D0E61BA}.Release|Win32.Build.0 = Release|Win32
		{055F36EF-73E8-4649-96CF-803CC75D327D}.Debug|Win32.ActiveCfg = Debug|Win32
		{055F36EF-73E8-4649-96CF-803CC75D327D}.Debug|Win32.Build.0 = Debug|Win32
		{055F36EF-73E8-4649-96CF-803CC75D327D}.Release|Win32.ActiveCfg = Release|Win32
		{055F36EF-73E8-4649-96CF-803CC75D327D}.Release|Win32.Build.0 = Release|Win32
		{92D8BFEA-4072-48E0-B66E-35445F3DDDF0}.Debug|Win32.ActiveCfg = Debug|Win32
		{92D8BFEA-4072-48E0-B66E-35445F3DDDF0}.Debug|Win32.Build.0 = Debug|Win32
		{92D8BFEA-4072-48E0-B66E-35445F3DDDF0}.Release|Win32.ActiveCfg = Release|Win32
		{92D8BFEA-4072-48E0-B66E-35445F3DDDF0}.Release|Win32.Build.0 = Release|Win32
		{48DEFE03-048A-49C2-95C8-1BF25E1E7CB5}.Debug|Win32.ActiveCfg = Debug|Win32
		{48DEFE03-048A-49C2-95C8-1BF25E1E7CB5}.Debug|Win32.Build.0 = Debug|Win32
		{48DEFE03-048A-49C2-95C8-1BF25E1E7CB5}.Release|Win32.ActiveCfg = Release|Win32
		{48DEFE03-048A-49C2-95C8-1BF25E1E7CB5}.Release|Win32.Build.0 = Release|Win32
		{322F3A61-DAD5-469E-B438-700AFA82D920}.Debug|Win32.ActiveCfg = Debug|Win32
		{322F3A61-DAD5-469E-B438-700AFA82D920}.Debug|Win32.Build.0 = Debug|Win32
		{322F3A61-DAD5-469E-B438-700AFA82D920}.Release|Win32.ActiveCfg = Release|Win32
		{322F3A61-DAD5-469E-B438-700AFA82D920}.Release|Win32.Build.0 = Release|Win32
		{31C0D4B2-084A-4332-B9FF-62C904A7C318}.Debug|Win32.ActiveCfg = Debug|Win32
		{31C0D4B2-084A-4332-B9FF-62C904A7C318}.Debug|Win32.Build.0 = Debug|Win32
		{31C0D4B2-084A-4332-B9FF-62C904A7C318}.Release|Win32.ActiveCfg = Release|Win32
		{31C0D4B2-084A-4332-B9FF-62C904A7C318}.Release|Win32.Build.0 = Release|Win32
		{651ED7A5-2703-4601-A1F7-D71E9B55B8FE}.Debug|Win32.ActiveCfg = Debug|Win32
		{651ED7A5-2703-4601-A1F7-D71E9B55B8FE}.Debug|Win32.Build.0 = Debug|Win32
		{651ED7A5-2703-4601-A1F7-D71E9B55B8FE}.Release|Win32.ActiveCfg = Release|Win32
		{651ED7A5-2703-4601-A1F7-D71E9B55B8FE}.Release|Win32.Build.0 = Release|Win32
		{452EC722-E808-4262-A295-48D9A4A91191}.Debug|Win32.ActiveCfg = Debug|Win32
		{452EC722-E808-4262-A295-48D9A4A91191}.Debug|Win32.Build.0 = Debug|Win32
		{452EC722-E808-4262-A295-48D9A4A91191}.Release|Win32.ActiveCfg = Release|Win32
		{452EC722-E808-4262-A295-48D9A4A91191}.Release|Win32.Build.0 = Release|Win32
		{296D3027-0E38-4DA9-AFCD-B5CFE9265783}.Debug|Win32.ActiveCfg = Debug|Win32
		{296D3027-0E38-4DA9-AFCD-B5CFE9265783}.Debug|Win32.Build.0 = Debug|Win32
		{296D3027-0E38-4DA9-AFCD-B5CFE9265783}.Release|Win32.ActiveCfg = Release|Win32
		{296D3027-0E38-4DA9-AFCD-B5CFE9265783}.Release|Win32.Build.0 = Release|Win32
		{7BE6CE3E-598D-4D12-BE7A-B19180A5D171}.Debug|Win32.ActiveCfg = Debug|Win32
		{7BE6CE3E-598D-4D12-BE7A-B19180A5D171}.Debug|Win32.Build.0 = Debug|Win32
		{7BE6CE3E-598D-4D12-BE7A-B19180A5D171}.Release|Win32.ActiveCfg = Release|Win32
		{7BE6CE3E-598D-4D12-BE7A-B19180A5D171}.Release|Win32.Build.0 = Release|Win32
		{5933E36D-F890-4227-82B9-392976F7067C}.Debug|Win32.ActiveCfg = Debug|Win32
		{5933E36D-F890-4227-82B9-392976F7067C}.Debug|Win32.Build.0 = Debug|Win32
		{5933E36D-F890-4227-82B9-392976F7067C}.Release|Win32.ActiveCfg = Release|Win32
		{5933E36D-F890-4227-82B9-392976F7067C}.Release|Win32.Build.0 = Release|Win32
		{9B37005C-8D9A-4E52-943A-8E6A20955262}.Debug|Win32.ActiveCfg = Debug|Win32
		{9B37005C-8D9A-4E52-943A-8E6A20955262}.Debug|Win32.Build.0 = Debug|Win32
		{9B37005C-8D9A-4E52-943A-8E6A20955262}.Release|Win32.ActiveCfg = Release|Win32
		{9B37005C-8D9A-4E52-943A-8E6A20955262}.Release|Win32.Build.0 = Release|Win32
		{80FCC88F-C64A-4ADE-B1B5-7E3D6D41D7A5}.Debug|Win32.ActiveCfg = Debug|Win32
		{80FCC88F-C64A-4ADE-B1B5-7E3D6D41D7A5}.Debug|Win32.Build.0 = Debug|Win32
		{80FCC88F-C64A-4ADE-B1B5-7E3D6D41D7A5}.Release|Win32.ActiveCfg = Release|Win32
		{80FCC88F-C64A-4ADE-B1B5-7E3D6D41D7A5}.Release|Win32.Build.0 = Release|Win32
		{27DD62CD-580A-48FA-8CD8-6477EAEBBE86}.Debug|Win32.ActiveCfg = Debug|Win32
		{27DD62CD-580A-48FA-8CD8-6477EAEBBE86}.Debug|Win32.Build.0 = Debug|Win32
		{27DD62CD-580A-48FA-8CD8-6477EAEBBE86}.Release|Win32.ActiveCfg = Release|Win32
		{27DD62CD-580A-48FA-8CD8-6477EAEBBE86}.Release|Win32.Build.0 = Release|Win32
		{8B3B875F-58C3-4AEC-A3F7-748B2AC85EA7}.Debug|Win32.ActiveCfg = Debug|Win32
		{8B3B875F-58C3-4AEC-A3F7-748B2AC85EA7}.Debug|Win32.Build.0 = Debug|Win32
		{8B3B875F-58C3-4AEC-A3F7-748B2AC85EA7}.Release|Win32.ActiveCfg = Release|Win32
		{8B3B875F-58C3-4AEC-A3F7-748B2AC85EA7}.Release|Win32.Build.0 = Release|Win32
		{51617801-7076-437D-AD04-57A3CEFB92DE}.Debug|Win32.ActiveCfg = Debug|Win32
		{51617801-7076-437D-AD04-57A3CEFB92DE}.Debug|Win32.Build.0 = Debug|Win32
		{51617801-7076-437D-AD04-57A3CEFB92DE}.Release|Win32.ActiveCfg = Release|Win32
		{51617801-7076-437D-AD04-57A3CEFB92DE}.Release|Win32.Build.0 = Release|Win32
		{58B1AD85-B3E5-4E9E-B17B-AAE785050F2F}.Debug|Win32.ActiveCfg = Debug|Win32
		{58B1AD85-B3E5-4E9E-B17B-AAE785050F2F}.Debug|Win32.Build.0 = Debug|Win32
		{58B1AD85-B3E5-4E9E-B17B-AAE785050F2F}.Release|Win32.ActiveCfg = Release|Win32
		{58B1AD85-B3E5-4E9E-B17B-AAE785050F2F}.Release|Win32.Build.0 = Release|Win32
		{7C88E416-0131-4E47-BC01-E4149A72DE34}.Debug|Win32.ActiveCfg = Debug|Win32
		{7C88E416-0131-4E47-BC01-E4149A72DE34}.Debug|Win32.Build.0 = Debug|Win32
		{7C88E416-0131-4E47-BC01-E4149A72DE34}.Release|Win32.ActiveCfg = Release|Win32
		{7C88E416-0131-4E47-BC01-E4149A72DE34}.Release|Win32.Build.0 = Release|Win32
		{59BA29DD-C806-4A15-A873-7953A8EAEB81}.Debug|Win32.ActiveCfg = Debug|Win32
		{59BA29DD-C806-4A15-A873-7953A8EAEB81}.Debug|Win32.Build.0 = Debug|Win32
		{59BA29DD-C806-4A15-A873-7953A8EAEB81}.Release|Win32.ActiveCfg = Release|Win32
		{59BA29DD-C806-4A15-A873-7953A8EAEB81}.Release|Win32.Build.0 = Release|Win32
		{9AA8B25A-6EB3-4D7B-929B-2AF691092E12}.Debug|Win32.ActiveCfg = Debug|Win32
		{9AA8B25A-6EB3-4D7B-929B-2AF691092E12}.Debug|Win32.Build.0 = Debug|Win32
		{9AA8B25A-6EB3-4D7B-929B-2AF691092E12}.Release|Win32.ActiveCfg = Release|Win32
		{9AA8B25A-6EB3-4D7B-929B-2AF691092E12}.Release|Win32.Build.0 = Release|Win32
		{38FC321A-D66D-436D-AA7A-F2A436FE7329}.Debug|Win32.ActiveCfg = Debug|Win32
		{38FC321A-D66D-436D-AA7A-F2A436FE7329}.Debug|Win32.Build.0 = Debug|Win32
		{38FC321A-D66D-436D-AA7A-F2A436FE7329}.Release|Win32.ActiveCfg = Release|Win32
		{38FC321A-D66D-436D-AA7A-F2A436FE7329}.Release|Win32.Build.0 = Release|Win32
		{C6A1EA5C-FFDE-4E6B-A738-CB0C08654A6B}.Debug|Win32.ActiveCfg = Debug|Win32
		{C6A1EA5C-FFDE-4E6B-A738-CB0C08654A6B}.Debug|Win32.Build.0 = Debug|Win32
		{C6A1EA5C-FFDE-4E6B-A738-CB0C08654A6B}.Release|Win32.ActiveCfg = Release|Win32
		{C6A1EA5C-FFDE-4E6B-A738-CB0C08654A6B}.Release|Win32.Build.0 = Release|Win32
		{FE6C1126-58C6-40B4-ABD9-A200B06C958C}.Debug|Win32.ActiveCfg = Debug|Win32
		{FE6C1126-58C6-40B4-ABD9-A200B06C958C}.Debug|Win32.Build.0 = Debug|Win32
		{FE6C1126-58C6-40B4-ABD9-A200B06C958C}.Release|Win32.ActiveCfg = Release|Win32
		{FE6C1126-58C6-40B4-ABD9-A200B06C958C}.Release|Win32.Build.0 = Release|Win32
		{C0995A93-D71F-4A0D-A1AA-00AE0D341707}.Debug|Win32.ActiveCfg = Debug|Win32
		{C0995A93-D71F-4A0D-A1AA-00AE0D341707}.Debug|Win32.Build.0 = Debug|Win32
		{C0995A93-D71F-4A0D-A1AA-00AE0D341707}.Release|Win32.ActiveCfg = Release|Win32
		{C0995A93-D71F-4A0D-A1AA-00AE0D341707}.Release|Win32.Build.0 = Release|Win32
		{52CC308C-4002-4AC2-A3A7-90F151CDC2E4}.Debug|Win32.ActiveCfg = Debug|Win32
		{52CC308C-4002-4AC2-A3A7-90F151CDC2E4}.Debug|Win32.Build.0 = Debug|Win32
		{52CC308C-4002-4AC2-A3A7-90F151CDC2E4}.Release|Win32.ActiveCfg = Release|Win32
		{52CC308C-4002-4AC2-A3A7-90F151CDC2E4}.Release|Win32.Build.0 = Release|Win32
		{1F267254-C347-4D1F-BA16-DB88105C065C}.Debug|Win32.ActiveCfg = Debug|Win32
		{1F267254-C347-4D1F-BA16-DB88105C065C}.Debug|Win32.Build.0 = Debug|Win32
		{1F267254-C347-4D1F-BA16-DB88105C065C}.Release|Win32.ActiveCfg = Release|Win32
		{1F267254-C347-4D1F-BA16-DB88105C065C}.Release|Win32.Build.0 = Release|Win32
		{FD5A8871-7941-4906-84E1-4B754B07DD36}.Debug|Win32.ActiveCfg = Debug|Win32
		{FD5A8871-7941-4906-84E1-4B754B07DD36}.Debug|Win32.Build.0 = Debug|Win32
		{FD5A8871-7941-4906-84E1-4B754B07DD36}.Release|Win32.ActiveCfg = Release|Win32
		{FD5A8871-7941-4906-84E1-4B754B07DD36}.Release|Win32.Build.0 = Release|Win32
		{B8EF3618-51D4-4CC4-B323-03B0162E0B6E}.Debug|Win32.ActiveCfg = Debug|Win32
		{B8EF3618-51D4-4CC4-B323-03B0162E0B6E}.Debug|Win32.Build.0 = Debug|Win32
		{B8EF3618-51D4-4CC4-B323-03B0162E0B6E}.Release|Win32.ActiveCfg = Release|Win32
		{B8EF3618-51D4-4CC4-B323-03B0162E0B6E}.Release|Win32.Build.0 = Release|Win32
		{A00DE259-C480-439C-B8C3-0FAEC05458E3}.Debug|Win32.ActiveCfg = Debug|Win32
		{A00DE259-C480-439C-B8C3-0FAEC05458E3}.Debug|Win32.Build.0 = Debug|Win32
		{A00DE259-C480-439C-B8C3-0FAEC05458E3}.Release|Win32.ActiveCfg = Release|Win32
		{A00DE259-C480-439C-B8C3-0FAEC05458E3}.Release|Win32.Build.0 = Release|Win32
		{10CD6D3E-6356-4AC7-9040-753119F68EB8}.Debug|Win32.ActiveCfg = Debug|Win32
		{10CD6D3E-6356-4AC7-9040-753119F68EB8}.Debug|Win32.Build.0 = Debug|Win32
		{10CD6D3E-6356-4AC7-9040-753119F68EB8}.Release|Win32.ActiveCfg = Release|Win32
		{10CD6D3E-6356-4AC7-9040-753119F68EB8}.Release|Win32.Build.0 = Release|Win32
	EndGlobalSection
	GlobalSection(SolutionProperties) = preSolution
		HideSolutionNode = FALSE
	EndGlobalSection
EndGlobal
